PODS:
  - ATSDK-Weex (0.0.1)
  - SDWebImage (3.7.5):
    - SDWebImage/Core (= 3.7.5)
  - SDWebImage/Core (3.7.5)
  - SocketRocket (0.4.2)
  - WeexAr (0.0.1):
    - WeexPluginLoader
    - WeexSDK
  - WeexPluginLoader (0.0.1.9.1):
    - WeexSDK
  - WeexSDK (0.16.0):
    - SocketRocket
  - WXDevtool (0.15.3):
    - WeexSDK

DEPENDENCIES:
  - ATSDK-Weex (= 0.0.1)
  - SDWebImage (= 3.7.5)
  - SocketRocket (= 0.4.2)
  - WeexAr (from `../../`)
  - WeexPluginLoader
  - WeexSDK (from `/Users/jerry/workspace/pm/github/incubator-weex/`)
  - WXDevtool (= 0.15.3)

EXTERNAL SOURCES:
  WeexAr:
    :path: "../../"
  WeexSDK:
    :path: "/Users/jerry/workspace/pm/github/incubator-weex/"

SPEC CHECKSUMS:
  ATSDK-Weex: 1b27558f4336d77fb97704d34fc6ad1fd468592c
  SDWebImage: 69c6303e3348fba97e03f65d65d4fbc26740f461
  SocketRocket: ffe08119b00ef982f6c37052a4705a057c8494ad
  WeexAr: acb282fcef262f6748124b185a14245da54438a5
  WeexPluginLoader: 85c1304f8ba29864e58531614a0acfeceef1b85c
  WeexSDK: e9c2dad833c39c3016b554fc419b31d96fe044fb
  WXDevtool: 6c837383e778a9442ee500db4069a95be321dac6

PODFILE CHECKSUM: a3472dd8820a664b648cf2ab605dfc979b899947

COCOAPODS: 1.2.1
